
Microsoft Visual Studio Solution File, Format Version 12.00
# Visual Studio Version 17
VisualStudioVersion = 17.0.32014.148
MinimumVisualStudioVersion = 10.0.40219.1
Project("{FAE04EC0-301F-11D3-BF4B-00C04F79EFBC}") = "RehberApp", "RehberApp\RehberApp.csproj", "{5457E110-17A0-4460-8CC5-D87345B2B543}"
EndProject
Global
	GlobalSection(SolutionConfigurationPlatforms) = preSolution
		Debug|Any CPU = Debug|Any CPU
		Release|Any CPU = Release|Any CPU
	EndGlobalSection
	GlobalSection(ProjectConfigurationPlatforms) = postSolution
		{5457E110-17A0-4460-8CC5-D87345B2B543}.Debug|Any CPU.ActiveCfg = Debug|Any CPU
		{5457E110-17A0-4460-8CC5-D87345B2B543}.Debug|Any CPU.Build.0 = Debug|Any CPU
		{5457E110-17A0-4460-8CC5-D87345B2B543}.Release|Any CPU.ActiveCfg = Release|Any CPU
		{5457E110-17A0-4460-8CC5-D87345B2B543}.Release|Any CPU.Build.0 = Release|Any CPU
	EndGlobalSection
	GlobalSection(SolutionProperties) = preSolution
		HideSolutionNode = FALSE
	EndGlobalSection
	GlobalSection(ExtensibilityGlobals) = postSolution
		SolutionGuid = {81015337-1AFB-4F4F-A5AD-107B9BC985A3}
	EndGlobalSection
EndGlobal
